// !$*UTF8*$!
{
	archiveVersion = 1;
	classes = {
	};
	objectVersion = 46;
	objects = {

/* Begin PBXBuildFile section */
		FF68BE1814FB3E2900DF3EE6 /* UIKit.framework in Frameworks */ = {isa = PBXBuildFile; fileRef = FF68BE1714FB3E2900DF3EE6 /* UIKit.framework */; };
		FF68BE1A14FB3E2900DF3EE6 /* Foundation.framework in Frameworks */ = {isa = PBXBuildFile; fileRef = FF68BE1914FB3E2900DF3EE6 /* Foundation.framework */; };
		FF68BE1C14FB3E2900DF3EE6 /* CoreGraphics.framework in Frameworks */ = {isa = PBXBuildFile; fileRef = FF68BE1B14FB3E2900DF3EE6 /* CoreGraphics.framework */; };
		FF68BE2214FB3E2900DF3EE6 /* InfoPlist.strings in Resources */ = {isa = PBXBuildFile; fileRef = FF68BE2014FB3E2900DF3EE6 /* InfoPlist.strings */; };
		FF68BE2414FB3E2900DF3EE6 /* main.m in Sources */ = {isa = PBXBuildFile; fileRef = FF68BE2314FB3E2900DF3EE6 /* main.m */; };
		FF68BE2814FB3E2900DF3EE6 /* UISVRLEAppDelegate.m in Sources */ = {isa = PBXBuildFile; fileRef = FF68BE2714FB3E2900DF3EE6 /* UISVRLEAppDelegate.m */; };
		FF68BE3014FB3E3B00DF3EE6 /* UISVRLERootViewController.m in Sources */ = {isa = PBXBuildFile; fileRef = FF68BE2F14FB3E3B00DF3EE6 /* UISVRLERootViewController.m */; };
		FF68BE3414FB3EBA00DF3EE6 /* UISVRLERootViewController.xib in Resources */ = {isa = PBXBuildFile; fileRef = FF68BE3314FB3EBA00DF3EE6 /* UISVRLERootViewController.xib */; };
/* End PBXBuildFile section */

/* Begin PBXFileReference section */
		FF68BE1314FB3E2900DF3EE6 /* UIScrollView-RunLoopExperiments.app */ = {isa = PBXFileReference; explicitFileType = wrapper.application; includeInIndex = 0; path = "UIScrollView-RunLoopExperiments.app"; sourceTree = BUILT_PRODUCTS_DIR; };
		FF68BE1714FB3E2900DF3EE6 /* UIKit.framework */ = {isa = PBXFileReference; lastKnownFileType = wrapper.framework; name = UIKit.framework; path = System/Library/Frameworks/UIKit.framework; sourceTree = SDKROOT; };
		FF68BE1914FB3E2900DF3EE6 /* Foundation.framework */ = {isa = PBXFileReference; lastKnownFileType = wrapper.framework; name = Foundation.framework; path = System/Library/Frameworks/Foundation.framework; sourceTree = SDKROOT; };
		FF68BE1B14FB3E2900DF3EE6 /* CoreGraphics.framework */ = {isa = PBXFileReference; lastKnownFileType = wrapper.framework; name = CoreGraphics.framework; path = System/Library/Frameworks/CoreGraphics.framework; sourceTree = SDKROOT; };
		FF68BE1F14FB3E2900DF3EE6 /* UIScrollView-RunLoopExperiments-Info.plist */ = {isa = PBXFileReference; lastKnownFileType = text.plist.xml; path = "UIScrollView-RunLoopExperiments-Info.plist"; sourceTree = "<group>"; };
		FF68BE2114FB3E2900DF3EE6 /* en */ = {isa = PBXFileReference; lastKnownFileType = text.plist.strings; name = en; path = en.lproj/InfoPlist.strings; sourceTree = "<group>"; };
		FF68BE2314FB3E2900DF3EE6 /* main.m */ = {isa = PBXFileReference; lastKnownFileType = sourcecode.c.objc; path = main.m; sourceTree = "<group>"; };
		FF68BE2514FB3E2900DF3EE6 /* UIScrollView-RunLoopExperiments-Prefix.pch */ = {isa = PBXFileReference; lastKnownFileType = sourcecode.c.h; path = "UIScrollView-RunLoopExperiments-Prefix.pch"; sourceTree = "<group>"; };
		FF68BE2614FB3E2900DF3EE6 /* UISVRLEAppDelegate.h */ = {isa = PBXFileReference; lastKnownFileType = sourcecode.c.h; path = UISVRLEAppDelegate.h; sourceTree = "<group>"; };
		FF68BE2714FB3E2900DF3EE6 /* UISVRLEAppDelegate.m */ = {isa = PBXFileReference; lastKnownFileType = sourcecode.c.objc; path = UISVRLEAppDelegate.m; sourceTree = "<group>"; };
		FF68BE2E14FB3E3B00DF3EE6 /* UISVRLERootViewController.h */ = {isa = PBXFileReference; fileEncoding = 4; lastKnownFileType = sourcecode.c.h; path = UISVRLERootViewController.h; sourceTree = "<group>"; };
		FF68BE2F14FB3E3B00DF3EE6 /* UISVRLERootViewController.m */ = {isa = PBXFileReference; fileEncoding = 4; lastKnownFileType = sourcecode.c.objc; path = UISVRLERootViewController.m; sourceTree = "<group>"; };
		FF68BE3314FB3EBA00DF3EE6 /* UISVRLERootViewController.xib */ = {isa = PBXFileReference; fileEncoding = 4; lastKnownFileType = file.xib; name = UISVRLERootViewController.xib; path = ../UISVRLERootViewController.xib; sourceTree = "<group>"; };
/* End PBXFileReference section */

/* Begin PBXFrameworksBuildPhase section */
		FF68BE1014FB3E2900DF3EE6 /* Frameworks */ = {
			isa = PBXFrameworksBuildPhase;
			buildActionMask = 2147483647;
			files = (
				FF68BE1814FB3E2900DF3EE6 /* UIKit.framework in Frameworks */,
				FF68BE1A14FB3E2900DF3EE6 /* Foundation.framework in Frameworks */,
				FF68BE1C14FB3E2900DF3EE6 /* CoreGraphics.framework in Frameworks */,
			);
			runOnlyForDeploymentPostprocessing = 0;
		};
/* End PBXFrameworksBuildPhase section */

/* Begin PBXGroup section */
		FF68BE0814FB3E2800DF3EE6 = {
			isa = PBXGroup;
			children = (
				FF68BE1D14FB3E2900DF3EE6 /* UIScrollView-RunLoopExperiments */,
				FF68BE1614FB3E2900DF3EE6 /* Frameworks */,
				FF68BE1414FB3E2900DF3EE6 /* Products */,
			);
			sourceTree = "<group>";
		};
		FF68BE1414FB3E2900DF3EE6 /* Products */ = {
			isa = PBXGroup;
			children = (
				FF68BE1314FB3E2900DF3EE6 /* UIScrollView-RunLoopExperiments.app */,
			);
			name = Products;
			sourceTree = "<group>";
		};
		FF68BE1614FB3E2900DF3EE6 /* Frameworks */ = {
			isa = PBXGroup;
			children = (
				FF68BE1714FB3E2900DF3EE6 /* UIKit.framework */,
				FF68BE1914FB3E2900DF3EE6 /* Foundation.framework */,
				FF68BE1B14FB3E2900DF3EE6 /* CoreGraphics.framework */,
			);
			name = Frameworks;
			sourceTree = "<group>";
		};
		FF68BE1D14FB3E2900DF3EE6 /* UIScrollView-RunLoopExperiments */ = {
			isa = PBXGroup;
			children = (
				FF68BE2614FB3E2900DF3EE6 /* UISVRLEAppDelegate.h */,
				FF68BE2714FB3E2900DF3EE6 /* UISVRLEAppDelegate.m */,
				FF68BE2E14FB3E3B00DF3EE6 /* UISVRLERootViewController.h */,
				FF68BE2F14FB3E3B00DF3EE6 /* UISVRLERootViewController.m */,
				FF68BE3314FB3EBA00DF3EE6 /* UISVRLERootViewController.xib */,
				FF68BE1E14FB3E2900DF3EE6 /* Supporting Files */,
			);
			path = "UIScrollView-RunLoopExperiments";
			sourceTree = "<group>";
		};
		FF68BE1E14FB3E2900DF3EE6 /* Supporting Files */ = {
			isa = PBXGroup;
			children = (
				FF68BE1F14FB3E2900DF3EE6 /* UIScrollView-RunLoopExperiments-Info.plist */,
				FF68BE2014FB3E2900DF3EE6 /* InfoPlist.strings */,
				FF68BE2314FB3E2900DF3EE6 /* main.m */,
				FF68BE2514FB3E2900DF3EE6 /* UIScrollView-RunLoopExperiments-Prefix.pch */,
			);
			name = "Supporting Files";
			sourceTree = "<group>";
		};
/* End PBXGroup section */

/* Begin PBXNativeTarget section */
		FF68BE1214FB3E2900DF3EE6 /* UIScrollView-RunLoopExperiments */ = {
			isa = PBXNativeTarget;
			buildConfigurationList = FF68BE2B14FB3E2900DF3EE6 /* Build configuration list for PBXNativeTarget "UIScrollView-RunLoopExperiments" */;
			buildPhases = (
				FF68BE0F14FB3E2900DF3EE6 /* Sources */,
				FF68BE1014FB3E2900DF3EE6 /* Frameworks */,
				FF68BE1114FB3E2900DF3EE6 /* Resources */,
			);
			buildRules = (
			);
			dependencies = (
			);
			name = "UIScrollView-RunLoopExperiments";
			productName = "UIScrollView-RunLoopExperiments";
			productReference = FF68BE1314FB3E2900DF3EE6 /* UIScrollView-RunLoopExperiments.app */;
			productType = "com.apple.product-type.application";
		};
/* End PBXNativeTarget section */

/* Begin PBXProject section */
		FF68BE0A14FB3E2800DF3EE6 /* Project object */ = {
			isa = PBXProject;
			attributes = {
				CLASSPREFIX = UISVRLE;
			};
			buildConfigurationList = FF68BE0D14FB3E2800DF3EE6 /* Build configuration list for PBXProject "UIScrollView-RunLoopExperiments" */;
			compatibilityVersion = "Xcode 3.2";
			developmentRegion = English;
			hasScannedForEncodings = 0;
			knownRegions = (
				en,
			);
			mainGroup = FF68BE0814FB3E2800DF3EE6;
			productRefGroup = FF68BE1414FB3E2900DF3EE6 /* Products */;
			projectDirPath = "";
			projectRoot = "";
			targets = (
				FF68BE1214FB3E2900DF3EE6 /* UIScrollView-RunLoopExperiments */,
			);
		};
/* End PBXProject section */

/* Begin PBXResourcesBuildPhase section */
		FF68BE1114FB3E2900DF3EE6 /* Resources */ = {
			isa = PBXResourcesBuildPhase;
			buildActionMask = 2147483647;
			files = (
				FF68BE2214FB3E2900DF3EE6 /* InfoPlist.strings in Resources */,
				FF68BE3414FB3EBA00DF3EE6 /* UISVRLERootViewController.xib in Resources */,
			);
			runOnlyForDeploymentPostprocessing = 0;
		};
/* End PBXResourcesBuildPhase section */

/* Begin PBXSourcesBuildPhase section */
		FF68BE0F14FB3E2900DF3EE6 /* Sources */ = {
			isa = PBXSourcesBuildPhase;
			buildActionMask = 2147483647;
			files = (
				FF68BE2414FB3E2900DF3EE6 /* main.m in Sources */,
				FF68BE2814FB3E2900DF3EE6 /* UISVRLEAppDelegate.m in Sources */,
				FF68BE3014FB3E3B00DF3EE6 /* UISVRLERootViewController.m in Sources */,
			);
			runOnlyForDeploymentPostprocessing = 0;
		};
/* End PBXSourcesBuildPhase section */

/* Begin PBXVariantGroup section */
		FF68BE2014FB3E2900DF3EE6 /* InfoPlist.strings */ = {
			isa = PBXVariantGroup;
			children = (
				FF68BE2114FB3E2900DF3EE6 /* en */,
			);
			name = InfoPlist.strings;
			sourceTree = "<group>";
		};
/* End PBXVariantGroup section */

/* Begin XCBuildConfiguration section */
		FF68BE2914FB3E2900DF3EE6 /* Debug */ = {
			isa = XCBuildConfiguration;
			buildSettings = {
				ALWAYS_SEARCH_USER_PATHS = NO;
				ARCHS = "$(ARCHS_STANDARD_32_BIT)";
				CLANG_ENABLE_OBJC_ARC = YES;
				"CODE_SIGN_IDENTITY[sdk=iphoneos*]" = "iPhone Developer";
				COPY_PHASE_STRIP = NO;
				GCC_C_LANGUAGE_STANDARD = gnu99;
				GCC_DYNAMIC_NO_PIC = NO;
				GCC_OPTIMIZATION_LEVEL = 0;
				GCC_PREPROCESSOR_DEFINITIONS = (
					"DEBUG=1",
					"$(inherited)",
				);
				GCC_SYMBOLS_PRIVATE_EXTERN = NO;
				GCC_VERSION = com.apple.compilers.llvm.clang.1_0;
				GCC_WARN_ABOUT_RETURN_TYPE = YES;
				GCC_WARN_UNINITIALIZED_AUTOS = YES;
				GCC_WARN_UNUSED_VARIABLE = YES;
				IPHONEOS_DEPLOYMENT_TARGET = 5.1;
				SDKROOT = iphoneos;
			};
			name = Debug;
		};
		FF68BE2A14FB3E2900DF3EE6 /* Release */ = {
			isa = XCBuildConfiguration;
			buildSettings = {
				ALWAYS_SEARCH_USER_PATHS = NO;
				ARCHS = "$(ARCHS_STANDARD_32_BIT)";
				CLANG_ENABLE_OBJC_ARC = YES;
				"CODE_SIGN_IDENTITY[sdk=iphoneos*]" = "iPhone Developer";
				COPY_PHASE_STRIP = YES;
				GCC_C_LANGUAGE_STANDARD = gnu99;
				GCC_VERSION = com.apple.compilers.llvm.clang.1_0;
				GCC_WARN_ABOUT_RETURN_TYPE = YES;
				GCC_WARN_UNINITIALIZED_AUTOS = YES;
				GCC_WARN_UNUSED_VARIABLE = YES;
				IPHONEOS_DEPLOYMENT_TARGET = 5.1;
				OTHER_CFLAGS = "-DNS_BLOCK_ASSERTIONS=1";
				SDKROOT = iphoneos;
				VALIDATE_PRODUCT = YES;
			};
			name = Release;
		};
		FF68BE2C14FB3E2900DF3EE6 /* Debug */ = {
			isa = XCBuildConfiguration;
			buildSettings = {
				GCC_PRECOMPILE_PREFIX_HEADER = YES;
				GCC_PREFIX_HEADER = "UIScrollView-RunLoopExperiments/UIScrollView-RunLoopExperiments-Prefix.pch";
				INFOPLIST_FILE = "UIScrollView-RunLoopExperiments/UIScrollView-RunLoopExperiments-Info.plist";
				IPHONEOS_DEPLOYMENT_TARGET = 5.0;
				PRODUCT_NAME = "$(TARGET_NAME)";
				WRAPPER_EXTENSION = app;
			};
			name = Debug;
		};
		FF68BE2D14FB3E2900DF3EE6 /* Release */ = {
			isa = XCBuildConfiguration;
			buildSettings = {
				GCC_PRECOMPILE_PREFIX_HEADER = YES;
				GCC_PREFIX_HEADER = "UIScrollView-RunLoopExperiments/UIScrollView-RunLoopExperiments-Prefix.pch";
				INFOPLIST_FILE = "UIScrollView-RunLoopExperiments/UIScrollView-RunLoopExperiments-Info.plist";
				IPHONEOS_DEPLOYMENT_TARGET = 5.0;
				PRODUCT_NAME = "$(TARGET_NAME)";
				WRAPPER_EXTENSION = app;
			};
			name = Release;
		};
/* End XCBuildConfiguration section */

/* Begin XCConfigurationList section */
		FF68BE0D14FB3E2800DF3EE6 /* Build configuration list for PBXProject "UIScrollView-RunLoopExperiments" */ = {
			isa = XCConfigurationList;
			buildConfigurations = (
				FF68BE2914FB3E2900DF3EE6 /* Debug */,
				FF68BE2A14FB3E2900DF3EE6 /* Release */,
			);
			defaultConfigurationIsVisible = 0;
			defaultConfigurationName = Release;
		};
		FF68BE2B14FB3E2900DF3EE6 /* Build configuration list for PBXNativeTarget "UIScrollView-RunLoopExperiments" */ = {
			isa = XCConfigurationList;
			buildConfigurations = (
				FF68BE2C14FB3E2900DF3EE6 /* Debug */,
				FF68BE2D14FB3E2900DF3EE6 /* Release */,
			);
			defaultConfigurationIsVisible = 0;
			defaultConfigurationName = Release;
		};
/* End XCConfigurationList section */
	};
	rootObject = FF68BE0A14FB3E2800DF3EE6 /* Project object */;
}
